{
  "nodes": {
    "contemporary-rs": {
      "flake": false,
      "locked": {
        "lastModified": 1769306269,
        "narHash": "sha256-da+7CKVmkj9WG+PRTShxhLnc0Tnz7hz6nt3G7bAgssc=",
        "owner": "vicr123",
        "repo": "contemporary-rs",
        "rev": "0025e12336f45823fe84b5599ddba27dce98868f",
        "type": "github"
      },
      "original": {
        "owner": "vicr123",
        "ref": "v0.1.0",
        "repo": "contemporary-rs",
        "type": "github"
      }
    },
    "crane": {
      "locked": {
        "lastModified": 1773857772,
        "narHash": "sha256-5xsK26KRHf0WytBtsBnQYC/lTWDhQuT57HJ7SzuqZcM=",
        "owner": "ipetkov",
        "repo": "crane",
        "rev": "b556d7bbae5ff86e378451511873dfd07e4504cd",
        "type": "github"
      },
      "original": {
        "owner": "ipetkov",
        "repo": "crane",
        "type": "github"
      }
    },
    "dms": {
      "inputs": {
        "nixpkgs": [
          "nixpkgs"
        ],
        "quickshell": "quickshell"
      },
      "locked": {
        "lastModified": 1775588644,
        "narHash": "sha256-iYBdSBvcW7bJtc84G6k5TFJEbPHQrif9KzZyE9Lbq8M=",
        "owner": "AvengeMedia",
        "repo": "DankMaterialShell",
        "rev": "9798d78300d402178896f6ee1c370baed490158a",
        "type": "github"
      },
      "original": {
        "owner": "AvengeMedia",
        "ref": "stable",
        "repo": "DankMaterialShell",
        "type": "github"
      }
    },
    "flake-parts": {
      "inputs": {
        "nixpkgs-lib": "nixpkgs-lib"
      },
      "locked": {
        "lastModified": 1775087534,
        "narHash": "sha256-91qqW8lhL7TLwgQWijoGBbiD4t7/q75KTi8NxjVmSmA=",
        "owner": "hercules-ci",
        "repo": "flake-parts",
        "rev": "3107b77cd68437b9a76194f0f7f9c55f2329ca5b",
        "type": "github"
      },
      "original": {
        "owner": "hercules-ci",
        "repo": "flake-parts",
        "type": "github"
      }
    },
    "flake-parts_2": {
      "inputs": {
        "nixpkgs-lib": "nixpkgs-lib_2"
      },
      "locked": {
        "lastModified": 1772408722,
        "narHash": "sha256-rHuJtdcOjK7rAHpHphUb1iCvgkU3GpfvicLMwwnfMT0=",
        "owner": "hercules-ci",
        "repo": "flake-parts",
        "rev": "f20dc5d9b8027381c474144ecabc9034d6a839a3",
        "type": "github"
      },
      "original": {
        "owner": "hercules-ci",
        "repo": "flake-parts",
        "type": "github"
      }
    },
    "home-manager": {
      "inputs": {
        "nixpkgs": [
          "nixpkgs"
        ]
      },
      "locked": {
        "lastModified": 1776721614,
        "narHash": "sha256-zGuW7C4tsScib2560yE5VV6lY/MdRs30aU9cbg3RP+U=",
        "owner": "nix-community",
        "repo": "home-manager",
        "rev": "c555a4a34a260493be5adb795c54e013c58f2d34",
        "type": "github"
      },
      "original": {
        "owner": "nix-community",
        "repo": "home-manager",
        "type": "github"
      }
    },
    "hummingbird-player": {
      "inputs": {
        "contemporary-rs": "contemporary-rs",
        "crane": "crane",
        "flake-parts": "flake-parts_2",
        "nixpkgs": "nixpkgs",
        "rust-overlay": "rust-overlay"
      },
      "locked": {
        "lastModified": 1776736507,
        "narHash": "sha256-QwNkPd6Ri7hVPKdERetiENuFoQK+HXk1mL5yo4a9NxI=",
        "owner": "hummingbird-player",
        "repo": "hummingbird",
        "rev": "89cdf4baf64f838a4a9098a49153ece00880994b",
        "type": "github"
      },
      "original": {
        "owner": "hummingbird-player",
        "repo": "hummingbird",
        "type": "github"
      }
    },
    "import-tree": {
      "locked": {
        "lastModified": 1773693634,
        "narHash": "sha256-BtZ2dtkBdSUnFPPFc+n0kcMbgaTxzFNPv2iaO326Ffg=",
        "owner": "vic",
        "repo": "import-tree",
        "rev": "c41e7d58045f9057880b0d85e1152d6a4430dbf1",
        "type": "github"
      },
      "original": {
        "owner": "vic",
        "repo": "import-tree",
        "type": "github"
      }
    },
    "niri": {
      "inputs": {
        "niri-stable": "niri-stable",
        "niri-unstable": "niri-unstable",
        "nixpkgs": [
          "nixpkgs"
        ],
        "nixpkgs-stable": "nixpkgs-stable",
        "xwayland-satellite-stable": "xwayland-satellite-stable",
        "xwayland-satellite-unstable": "xwayland-satellite-unstable"
      },
      "locked": {
        "lastModified": 1776714033,
        "narHash": "sha256-O+34yexfSxigXyb5usuzqac7vRHy6gYv7BtNtzDhQNo=",
        "owner": "sodiboo",
        "repo": "niri-flake",
        "rev": "32bed686f4fd8274a5e4a58d071687a74e19821e",
        "type": "github"
      },
      "original": {
        "owner": "sodiboo",
        "repo": "niri-flake",
        "type": "github"
      }
    },
    "niri-stable": {
      "flake": false,
      "locked": {
        "lastModified": 1756556321,
        "narHash": "sha256-RLD89dfjN0RVO86C/Mot0T7aduCygPGaYbog566F0Qo=",
        "owner": "YaLTeR",
        "repo": "niri",
        "rev": "01be0e65f4eb91a9cd624ac0b76aaeab765c7294",
        "type": "github"
      },
      "original": {
        "owner": "YaLTeR",
        "ref": "v25.08",
        "repo": "niri",
        "type": "github"
      }
    },
    "niri-unstable": {
      "flake": false,
      "locked": {
        "lastModified": 1776706941,
        "narHash": "sha256-nnv27JD0FOOqs1Hh67kydXFzZoEu8e0QyMf0R9AXaIw=",
        "owner": "YaLTeR",
        "repo": "niri",
        "rev": "e9c182a13c1d12762351ec01ce0ec711d41b0337",
        "type": "github"
      },
      "original": {
        "owner": "YaLTeR",
        "repo": "niri",
        "type": "github"
      }
    },
    "nixpkgs": {
      "locked": {
        "lastModified": 1774106199,
        "narHash": "sha256-US5Tda2sKmjrg2lNHQL3jRQ6p96cgfWh3J1QBliQ8Ws=",
        "owner": "nixos",
        "repo": "nixpkgs",
        "rev": "6c9a78c09ff4d6c21d0319114873508a6ec01655",
        "type": "github"
      },
      "original": {
        "owner": "nixos",
        "ref": "nixos-unstable",
        "repo": "nixpkgs",
        "type": "github"
      }
    },
    "nixpkgs-lib": {
      "locked": {
        "lastModified": 1774748309,
        "narHash": "sha256-+U7gF3qxzwD5TZuANzZPeJTZRHS29OFQgkQ2kiTJBIQ=",
        "owner": "nix-community",
        "repo": "nixpkgs.lib",
        "rev": "333c4e0545a6da976206c74db8773a1645b5870a",
        "type": "github"
      },
      "original": {
        "owner": "nix-community",
        "repo": "nixpkgs.lib",
        "type": "github"
      }
    },
    "nixpkgs-lib_2": {
      "locked": {
        "lastModified": 1772328832,
        "narHash": "sha256-e+/T/pmEkLP6BHhYjx6GmwP5ivonQQn0bJdH9YrRB+Q=",
        "owner": "nix-community",
        "repo": "nixpkgs.lib",
        "rev": "c185c7a5e5dd8f9add5b2f8ebeff00888b070742",
        "type": "github"
      },
      "original": {
        "owner": "nix-community",
        "repo": "nixpkgs.lib",
        "type": "github"
      }
    },
    "nixpkgs-stable": {
      "locked": {
        "lastModified": 1776434932,
        "narHash": "sha256-gyqXNMgk3sh+ogY5svd2eNLJ6oEwzbAeaoBrrxD0lKk=",
        "owner": "NixOS",
        "repo": "nixpkgs",
        "rev": "c7f47036d3df2add644c46d712d14262b7d86c0c",
        "type": "github"
      },
      "original": {
        "owner": "NixOS",
        "ref": "nixos-25.11",
        "repo": "nixpkgs",
        "type": "github"
      }
    },
    "nixpkgs_2": {
      "locked": {
        "lastModified": 1776548001,
        "narHash": "sha256-ZSK0NL4a1BwVbbTBoSnWgbJy9HeZFXLYQizjb2DPF24=",
        "owner": "nixos",
        "repo": "nixpkgs",
        "rev": "b12141ef619e0a9c1c84dc8c684040326f27cdcc",
        "type": "github"
      },
      "original": {
        "owner": "nixos",
        "ref": "nixos-unstable",
        "repo": "nixpkgs",
        "type": "github"
      }
    },
    "nixpkgs_3": {
      "locked": {
        "lastModified": 1775579569,
        "narHash": "sha256-/m3yyS/EnXqoPGBJYVy4jTOsirdgsEZ3JdN2gGkBr14=",
        "owner": "NixOS",
        "repo": "nixpkgs",
        "rev": "dfd9566f82a6e1d55c30f861879186440614696e",
        "type": "github"
      },
      "original": {
        "owner": "NixOS",
        "ref": "nixpkgs-unstable",
        "repo": "nixpkgs",
        "type": "github"
      }
    },
    "quickshell": {
      "inputs": {
        "nixpkgs": [
          "dms",
          "nixpkgs"
        ]
      },
      "locked": {
        "lastModified": 1766725085,
        "narHash": "sha256-O2aMFdDUYJazFrlwL7aSIHbUSEm3ADVZjmf41uBJfHs=",
        "ref": "refs/heads/master",
        "rev": "41828c4180fb921df7992a5405f5ff05d2ac2fff",
        "revCount": 715,
        "type": "git",
        "url": "https://git.outfoxxed.me/quickshell/quickshell"
      },
      "original": {
        "rev": "41828c4180fb921df7992a5405f5ff05d2ac2fff",
        "type": "git",
        "url": "https://git.outfoxxed.me/quickshell/quickshell"
      }
    },
    "root": {
      "inputs": {
        "dms": "dms",
        "flake-parts": "flake-parts",
        "home-manager": "home-manager",
        "hummingbird-player": "hummingbird-player",
        "import-tree": "import-tree",
        "niri": "niri",
        "nixpkgs": "nixpkgs_2",
        "wrapper-modules": "wrapper-modules"
      }
    },
    "rust-overlay": {
      "inputs": {
        "nixpkgs": [
          "hummingbird-player",
          "nixpkgs"
        ]
      },
      "locked": {
        "lastModified": 1774235565,
        "narHash": "sha256-D8OOwvq3zDDCtIhMcNueb9tGSZaZUanKpWDleRgQ80U=",
        "owner": "oxalica",
        "repo": "rust-overlay",
        "rev": "dc00324a2438762582b49954373112b8eab29cab",
        "type": "github"
      },
      "original": {
        "owner": "oxalica",
        "repo": "rust-overlay",
        "type": "github"
      }
    },
    "wrapper-modules": {
      "inputs": {
        "nixpkgs": "nixpkgs_3"
      },
      "locked": {
        "lastModified": 1776740142,
        "narHash": "sha256-kyU4D8J6AgyuNX+CTkFMBGL2ydSesa9TxEElVWFeX4Y=",
        "owner": "BirdeeHub",
        "repo": "nix-wrapper-modules",
        "rev": "7e1b8c7be49c9f2bd3236a7b92819bbedf4e8495",
        "type": "github"
      },
      "original": {
        "owner": "BirdeeHub",
        "repo": "nix-wrapper-modules",
        "type": "github"
      }
    },
    "xwayland-satellite-stable": {
      "flake": false,
      "locked": {
        "lastModified": 1755491097,
        "narHash": "sha256-m+9tUfsmBeF2Gn4HWa6vSITZ4Gz1eA1F5Kh62B0N4oE=",
        "owner": "Supreeeme",
        "repo": "xwayland-satellite",
        "rev": "388d291e82ffbc73be18169d39470f340707edaa",
        "type": "github"
      },
      "original": {
        "owner": "Supreeeme",
        "ref": "v0.7",
        "repo": "xwayland-satellite",
        "type": "github"
      }
    },
    "xwayland-satellite-unstable": {
      "flake": false,
      "locked": {
        "lastModified": 1773622265,
        "narHash": "sha256-wToKwH7IgWdGLMSIWksEDs4eumR6UbbsuPQ42r0oTXQ=",
        "owner": "Supreeeme",
        "repo": "xwayland-satellite",
        "rev": "a879e5e0896a326adc79c474bf457b8b99011027",
        "type": "github"
      },
      "original": {
        "owner": "Supreeeme",
        "repo": "xwayland-satellite",
        "type": "github"
      }
    }
  },
  "root": "root",
  "version": 7
}
